
Microsoft Visual Studio Solution File, Format Version 12.00
# Visual Studio Version 17
VisualStudioVersion = 17.14.36623.8
MinimumVisualStudioVersion = 10.0.40219.1
Project("{8BC9CEB8-8B4A-11D0-8D11-00A0C91BC942}") = "TriviaProject", "TriviaProject.vcxproj", "{A33BA78A-FC86-4872-9E0E-343764CC492D}"
EndProject
Project("{FAE04EC0-301F-11D3-BF4B-00C04F79EFBC}") = "Client", "..\Client\Client.csproj", "{AB4E5CE9-D30E-497F-90B9-81E68311D3E0}"
EndProject
Global
	GlobalSection(SolutionConfigurationPlatforms) = preSolution
		Debug|Any CPU = Debug|Any CPU
		Debug|x64 = Debug|x64
		Debug|x86 = Debug|x86
		Release|Any CPU = Release|Any CPU
		Release|x64 = Release|x64
		Release|x86 = Release|x86
	EndGlobalSection
	GlobalSection(ProjectConfigurationPlatforms) = postSolution
		{A33BA78A-FC86-4872-9E0E-343764CC492D}.Debug|Any CPU.ActiveCfg = Debug|x64
		{A33BA78A-FC86-4872-9E0E-343764CC492D}.Debug|Any CPU.Build.0 = Debug|x64
		{A33BA78A-FC86-4872-9E0E-343764CC492D}.Debug|x64.ActiveCfg = Debug|x64
		{A33BA78A-FC86-4872-9E0E-343764CC492D}.Debug|x64.Build.0 = Debug|x64
		{A33BA78A-FC86-4872-9E0E-343764CC492D}.Debug|x86.ActiveCfg = Debug|Win32
		{A33BA78A-FC86-4872-9E0E-343764CC492D}.Debug|x86.Build.0 = Debug|Win32
		{A33BA78A-FC86-4872-9E0E-343764CC492D}.Release|Any CPU.ActiveCfg = Release|x64
		{A33BA78A-FC86-4872-9E0E-343764CC492D}.Release|Any CPU.Build.0 = Release|x64
		{A33BA78A-FC86-4872-9E0E-343764CC492D}.Release|x64.ActiveCfg = Release|x64
		{A33BA78A-FC86-4872-9E0E-343764CC492D}.Release|x64.Build.0 = Release|x64
		{A33BA78A-FC86-4872-9E0E-343764CC492D}.Release|x86.ActiveCfg = Release|Win32
		{A33BA78A-FC86-4872-9E0E-343764CC492D}.Release|x86.Build.0 = Release|Win32
		{AB4E5CE9-D30E-497F-90B9-81E68311D3E0}.Debug|Any CPU.ActiveCfg = Debug|Any CPU
		{AB4E5CE9-D30E-497F-90B9-81E68311D3E0}.Debug|Any CPU.Build.0 = Debug|Any CPU
		{AB4E5CE9-D30E-497F-90B9-81E68311D3E0}.Debug|x64.ActiveCfg = Debug|Any CPU
		{AB4E5CE9-D30E-497F-90B9-81E68311D3E0}.Debug|x64.Build.0 = Debug|Any CPU
		{AB4E5CE9-D30E-497F-90B9-81E68311D3E0}.Debug|x86.ActiveCfg = Debug|Any CPU
		{AB4E5CE9-D30E-497F-90B9-81E68311D3E0}.Debug|x86.Build.0 = Debug|Any CPU
		{AB4E5CE9-D30E-497F-90B9-81E68311D3E0}.Release|Any CPU.ActiveCfg = Release|Any CPU
		{AB4E5CE9-D30E-497F-90B9-81E68311D3E0}.Release|Any CPU.Build.0 = Release|Any CPU
		{AB4E5CE9-D30E-497F-90B9-81E68311D3E0}.Release|x64.ActiveCfg = Release|Any CPU
		{AB4E5CE9-D30E-497F-90B9-81E68311D3E0}.Release|x64.Build.0 = Release|Any CPU
		{AB4E5CE9-D30E-497F-90B9-81E68311D3E0}.Release|x86.ActiveCfg = Release|Any CPU
		{AB4E5CE9-D30E-497F-90B9-81E68311D3E0}.Release|x86.Build.0 = Release|Any CPU
	EndGlobalSection
	GlobalSection(SolutionProperties) = preSolution
		HideSolutionNode = FALSE
	EndGlobalSection
	GlobalSection(ExtensibilityGlobals) = postSolution
		SolutionGuid = {C4DEF0C4-C878-48CE-ADEC-F048AEA70123}
	EndGlobalSection
EndGlobal
